
Microsoft Visual Studio Solution File, Format Version 12.00
# Visual Studio Version 16
VisualStudioVersion = 16.0.31229.75
MinimumVisualStudioVersion = 10.0.40219.1
Project("{FAE04EC0-301F-11D3-BF4B-00C04F79EFBC}") = "CosmosDbDemo", "CosmosDbDemo\CosmosDbDemo.csproj", "{3A9CE0C6-9DC8-48D8-954C-D1645471D95E}"
EndProject
Global
	GlobalSection(SolutionConfigurationPlatforms) = preSolution
		Debug|Any CPU = Debug|Any CPU
		Release|Any CPU = Release|Any CPU
	EndGlobalSection
	GlobalSection(ProjectConfigurationPlatforms) = postSolution
		{3A9CE0C6-9DC8-48D8-954C-D1645471D95E}.Debug|Any CPU.ActiveCfg = Debug|Any CPU
		{3A9CE0C6-9DC8-48D8-954C-D1645471D95E}.Debug|Any CPU.Build.0 = Debug|Any CPU
		{3A9CE0C6-9DC8-48D8-954C-D1645471D95E}.Release|Any CPU.ActiveCfg = Release|Any CPU
		{3A9CE0C6-9DC8-48D8-954C-D1645471D95E}.Release|Any CPU.Build.0 = Release|Any CPU
	EndGlobalSection
	GlobalSection(SolutionProperties) = preSolution
		HideSolutionNode = FALSE
	EndGlobalSection
	GlobalSection(ExtensibilityGlobals) = postSolution
		SolutionGuid = {9B19C941-AF3C-441D-B4D9-709163423F25}
	EndGlobalSection
EndGlobal
