
Microsoft Visual Studio Solution File, Format Version 12.00
# Visual Studio Version 16
VisualStudioVersion = 16.0.31025.194
MinimumVisualStudioVersion = 10.0.40219.1
Project("{9A19103F-16F7-4668-BE54-9A1E7A4F7556}") = "BlobStorageDemo", "AzureStorageDemo\BlobStorageDemo.csproj", "{6D0D6CC7-8BFF-4570-A2CD-1E7F27239C62}"
EndProject
Project("{9A19103F-16F7-4668-BE54-9A1E7A4F7556}") = "PatientBlobClient", "PatientBlobClient\PatientBlobClient.csproj", "{731C6A4D-AC28-4A34-BADB-EA8157BA4D9B}"
EndProject
Project("{9A19103F-16F7-4668-BE54-9A1E7A4F7556}") = "ImpatientBlobClient", "ImpatientBlobClient\ImpatientBlobClient.csproj", "{A7D7693A-5157-4600-AE2D-CD32D44D18B5}"
EndProject
Project("{9A19103F-16F7-4668-BE54-9A1E7A4F7556}") = "TableStorageDemo", "TableStorageDemo\TableStorageDemo.csproj", "{CC0C6672-B7FF-46BA-8ACA-5E1A9D98DD60}"
EndProject
Project("{2150E333-8FDC-42A3-9474-1A3956D46DE8}") = "Solution Items", "Solution Items", "{0D3E04FC-1DA7-4BEE-8D6F-F0F8CFE81B83}"
	ProjectSection(SolutionItems) = preProject
		.gitignore = .gitignore
	EndProjectSection
EndProject
Global
	GlobalSection(SolutionConfigurationPlatforms) = preSolution
		Debug|Any CPU = Debug|Any CPU
		Release|Any CPU = Release|Any CPU
	EndGlobalSection
	GlobalSection(ProjectConfigurationPlatforms) = postSolution
		{6D0D6CC7-8BFF-4570-A2CD-1E7F27239C62}.Debug|Any CPU.ActiveCfg = Debug|Any CPU
		{6D0D6CC7-8BFF-4570-A2CD-1E7F27239C62}.Debug|Any CPU.Build.0 = Debug|Any CPU
		{6D0D6CC7-8BFF-4570-A2CD-1E7F27239C62}.Release|Any CPU.ActiveCfg = Release|Any CPU
		{6D0D6CC7-8BFF-4570-A2CD-1E7F27239C62}.Release|Any CPU.Build.0 = Release|Any CPU
		{731C6A4D-AC28-4A34-BADB-EA8157BA4D9B}.Debug|Any CPU.ActiveCfg = Debug|Any CPU
		{731C6A4D-AC28-4A34-BADB-EA8157BA4D9B}.Debug|Any CPU.Build.0 = Debug|Any CPU
		{731C6A4D-AC28-4A34-BADB-EA8157BA4D9B}.Release|Any CPU.ActiveCfg = Release|Any CPU
		{731C6A4D-AC28-4A34-BADB-EA8157BA4D9B}.Release|Any CPU.Build.0 = Release|Any CPU
		{A7D7693A-5157-4600-AE2D-CD32D44D18B5}.Debug|Any CPU.ActiveCfg = Debug|Any CPU
		{A7D7693A-5157-4600-AE2D-CD32D44D18B5}.Debug|Any CPU.Build.0 = Debug|Any CPU
		{A7D7693A-5157-4600-AE2D-CD32D44D18B5}.Release|Any CPU.ActiveCfg = Release|Any CPU
		{A7D7693A-5157-4600-AE2D-CD32D44D18B5}.Release|Any CPU.Build.0 = Release|Any CPU
		{CC0C6672-B7FF-46BA-8ACA-5E1A9D98DD60}.Debug|Any CPU.ActiveCfg = Debug|Any CPU
		{CC0C6672-B7FF-46BA-8ACA-5E1A9D98DD60}.Debug|Any CPU.Build.0 = Debug|Any CPU
		{CC0C6672-B7FF-46BA-8ACA-5E1A9D98DD60}.Release|Any CPU.ActiveCfg = Release|Any CPU
		{CC0C6672-B7FF-46BA-8ACA-5E1A9D98DD60}.Release|Any CPU.Build.0 = Release|Any CPU
	EndGlobalSection
	GlobalSection(SolutionProperties) = preSolution
		HideSolutionNode = FALSE
	EndGlobalSection
	GlobalSection(ExtensibilityGlobals) = postSolution
		SolutionGuid = {BCBDA8BF-9B69-45FA-A2B4-E4CBEFD0093F}
	EndGlobalSection
EndGlobal
